{
  "name": "browser-video-compress",
  "version": "1.0.0",
  "lockfileVersion": 3,
  "requires": true,
  "packages": {
    "": {
      "name": "browser-video-compress",
      "version": "1.0.0",
      "hasInstallScript": true,
      "license": "MIT",
      "dependencies": {
        "@ffmpeg/core": "^0.12.6",
        "@ffmpeg/core-mt": "^0.12.6",
        "@ffmpeg/ffmpeg": "^0.12.15",
        "@ffmpeg/util": "^0.12.2",
        "mp4-muxer": "^5.2.2",
        "mp4box": "^2.3.0"
      },
      "bin": {
        "browser-video-compress-copy-ffmpeg": "scripts/copy-ffmpeg-core.mjs"
      },
      "engines": {
        "node": ">=18"
      },
      "peerDependencies": {
        "vue": "^3.3.0"
      },
      "peerDependenciesMeta": {
        "vue": {
          "optional": true
        }
      }
    },
    "node_modules/@ffmpeg/core": {
      "version": "0.12.10",
      "resolved": "https://registry.npmmirror.com/@ffmpeg/core/-/core-0.12.10.tgz",
      "integrity": "sha512-dzNplnn2Nxle2c2i2rrDhqcB19q9cglCkWnoMTDN9Q9l3PvdjZWd1HfSPjCNWc/p8Q3CT+Es9fWOR0UhAeYQZA==",
      "license": "GPL-2.0-or-later",
      "engines": {
        "node": ">=16.x"
      }
    },
    "node_modules/@ffmpeg/core-mt": {
      "version": "0.12.10",
      "resolved": "https://registry.npmmirror.com/@ffmpeg/core-mt/-/core-mt-0.12.10.tgz",
      "integrity": "sha512-atyRTOpa58bLCIgd6GXBZAXWyWD3AUoQyzxqjvGhp9MuSzdILtOTI62ffLswBsCnLq15lQ8IETHUpm1oe4V9FQ==",
      "license": "GPL-2.0-or-later",
      "engines": {
        "node": ">=16.x"
      }
    },
    "node_modules/@ffmpeg/ffmpeg": {
      "version": "0.12.15",
      "resolved": "https://registry.npmmirror.com/@ffmpeg/ffmpeg/-/ffmpeg-0.12.15.tgz",
      "integrity": "sha512-1C8Obr4GsN3xw+/1Ww6PFM84wSQAGsdoTuTWPOj2OizsRDLT4CXTaVjPhkw6ARyDus1B9X/L2LiXHqYYsGnRFw==",
      "license": "MIT",
      "dependencies": {
        "@ffmpeg/types": "^0.12.4"
      },
      "engines": {
        "node": ">=18.x"
      }
    },
    "node_modules/@ffmpeg/types": {
      "version": "0.12.4",
      "resolved": "https://registry.npmmirror.com/@ffmpeg/types/-/types-0.12.4.tgz",
      "integrity": "sha512-k9vJQNBGTxE5AhYDtOYR5rO5fKsspbg51gbcwtbkw2lCdoIILzklulcjJfIDwrtn7XhDeF2M+THwJ2FGrLeV6A==",
      "license": "MIT",
      "engines": {
        "node": ">=16.x"
      }
    },
    "node_modules/@ffmpeg/util": {
      "version": "0.12.2",
      "resolved": "https://registry.npmmirror.com/@ffmpeg/util/-/util-0.12.2.tgz",
      "integrity": "sha512-ouyoW+4JB7WxjeZ2y6KpRvB+dLp7Cp4ro8z0HIVpZVCM7AwFlHa0c4R8Y/a4M3wMqATpYKhC7lSFHQ0T11MEDw==",
      "license": "MIT",
      "engines": {
        "node": ">=18.x"
      }
    },
    "node_modules/@types/dom-webcodecs": {
      "version": "0.1.18",
      "resolved": "https://registry.npmmirror.com/@types/dom-webcodecs/-/dom-webcodecs-0.1.18.tgz",
      "integrity": "sha512-vAvE8C9DGWR+tkb19xyjk1TSUlJ7RUzzp4a9Anu7mwBT+fpyePWK1UxmH14tMO5zHmrnrRIMg5NutnnDztLxgg==",
      "license": "MIT"
    },
    "node_modules/@types/wicg-file-system-access": {
      "version": "2020.9.8",
      "resolved": "https://registry.npmmirror.com/@types/wicg-file-system-access/-/wicg-file-system-access-2020.9.8.tgz",
      "integrity": "sha512-ggMz8nOygG7d/stpH40WVaNvBwuyYLnrg5Mbyf6bmsj/8+gb6Ei4ZZ9/4PNpcPNTT8th9Q8sM8wYmWGjMWLX/A==",
      "license": "MIT"
    },
    "node_modules/mp4-muxer": {
      "version": "5.2.2",
      "resolved": "https://registry.npmmirror.com/mp4-muxer/-/mp4-muxer-5.2.2.tgz",
      "integrity": "sha512-dhozjTywI0h2qFzeShagt8YYw811fh1XlwiDCE2f6Aeqf6xG2CyuShoSa5E0AZDO8pPF0JOZ3wOmWBNWIGdSpQ==",
      "deprecated": "This library is superseded by Mediabunny. Please migrate to it.",
      "license": "MIT",
      "dependencies": {
        "@types/dom-webcodecs": "^0.1.6",
        "@types/wicg-file-system-access": "^2020.9.5"
      }
    },
    "node_modules/mp4box": {
      "version": "2.3.0",
      "resolved": "https://registry.npmmirror.com/mp4box/-/mp4box-2.3.0.tgz",
      "integrity": "sha512-nnABYbdh4UguEYyV+uRwQBi1tbb8kXka2Fx9yKzmDKAeh8gkvRKYxoK1XDd8GQIjSfN4rvsXrW1CBo4yRQJZDA==",
      "license": "BSD-3-Clause",
      "engines": {
        "node": ">=20.8.1"
      }
    }
  }
}
